
Microsoft Visual Studio Solution File, Format Version 12.00
# Visual Studio 15
VisualStudioVersion = 15.0.28010.2026
MinimumVisualStudioVersion = 10.0.40219.1
Project("{FAE04EC0-301F-11D3-BF4B-00C04F79EFBC}") = "Fundamentals", "Fundamentals\Fundamentals.csproj", "{352F337F-DFE1-4A3A-802A-1929DD2C344F}"
EndProject
Project("{FAE04EC0-301F-11D3-BF4B-00C04F79EFBC}") = "IntegerSwap", "IntegerSwap\IntegerSwap.csproj", "{EA8CD712-EC41-4038-80E6-1CE6261A7B17}"
EndProject
Project("{FAE04EC0-301F-11D3-BF4B-00C04F79EFBC}") = "IntegerSwapTests", "IntegerSwapTests\IntegerSwapTests.csproj", "{8E857337-702A-4780-B129-6FAE5BD1697C}"
EndProject
Project("{FAE04EC0-301F-11D3-BF4B-00C04F79EFBC}") = "FundamentalsTests", "FundamentalsTests\FundamentalsTests.csproj", "{B378E087-0329-4FC1-A6E5-37674A787E8C}"
EndProject
Project("{FAE04EC0-301F-11D3-BF4B-00C04F79EFBC}") = "MorseDictionary", "MorseDictionary\MorseDictionary.csproj", "{30B60D2A-7F53-44DF-A6DD-6D05576D0F72}"
EndProject
Project("{FAE04EC0-301F-11D3-BF4B-00C04F79EFBC}") = "MorseDictionaryTests", "MorseDictionaryTests\MorseDictionaryTests.csproj", "{C0842D5A-06CD-4FC9-8978-EB7B5E9A5CF8}"
EndProject
Global
	GlobalSection(SolutionConfigurationPlatforms) = preSolution
		Debug|Any CPU = Debug|Any CPU
		Release|Any CPU = Release|Any CPU
	EndGlobalSection
	GlobalSection(ProjectConfigurationPlatforms) = postSolution
		{352F337F-DFE1-4A3A-802A-1929DD2C344F}.Debug|Any CPU.ActiveCfg = Debug|Any CPU
		{352F337F-DFE1-4A3A-802A-1929DD2C344F}.Debug|Any CPU.Build.0 = Debug|Any CPU
		{352F337F-DFE1-4A3A-802A-1929DD2C344F}.Release|Any CPU.ActiveCfg = Release|Any CPU
		{352F337F-DFE1-4A3A-802A-1929DD2C344F}.Release|Any CPU.Build.0 = Release|Any CPU
		{EA8CD712-EC41-4038-80E6-1CE6261A7B17}.Debug|Any CPU.ActiveCfg = Debug|Any CPU
		{EA8CD712-EC41-4038-80E6-1CE6261A7B17}.Debug|Any CPU.Build.0 = Debug|Any CPU
		{EA8CD712-EC41-4038-80E6-1CE6261A7B17}.Release|Any CPU.ActiveCfg = Release|Any CPU
		{EA8CD712-EC41-4038-80E6-1CE6261A7B17}.Release|Any CPU.Build.0 = Release|Any CPU
		{8E857337-702A-4780-B129-6FAE5BD1697C}.Debug|Any CPU.ActiveCfg = Debug|Any CPU
		{8E857337-702A-4780-B129-6FAE5BD1697C}.Debug|Any CPU.Build.0 = Debug|Any CPU
		{8E857337-702A-4780-B129-6FAE5BD1697C}.Release|Any CPU.ActiveCfg = Release|Any CPU
		{8E857337-702A-4780-B129-6FAE5BD1697C}.Release|Any CPU.Build.0 = Release|Any CPU
		{B378E087-0329-4FC1-A6E5-37674A787E8C}.Debug|Any CPU.ActiveCfg = Debug|Any CPU
		{B378E087-0329-4FC1-A6E5-37674A787E8C}.Debug|Any CPU.Build.0 = Debug|Any CPU
		{B378E087-0329-4FC1-A6E5-37674A787E8C}.Release|Any CPU.ActiveCfg = Release|Any CPU
		{B378E087-0329-4FC1-A6E5-37674A787E8C}.Release|Any CPU.Build.0 = Release|Any CPU
		{30B60D2A-7F53-44DF-A6DD-6D05576D0F72}.Debug|Any CPU.ActiveCfg = Debug|Any CPU
		{30B60D2A-7F53-44DF-A6DD-6D05576D0F72}.Debug|Any CPU.Build.0 = Debug|Any CPU
		{30B60D2A-7F53-44DF-A6DD-6D05576D0F72}.Release|Any CPU.ActiveCfg = Release|Any CPU
		{30B60D2A-7F53-44DF-A6DD-6D05576D0F72}.Release|Any CPU.Build.0 = Release|Any CPU
		{C0842D5A-06CD-4FC9-8978-EB7B5E9A5CF8}.Debug|Any CPU.ActiveCfg = Debug|Any CPU
		{C0842D5A-06CD-4FC9-8978-EB7B5E9A5CF8}.Debug|Any CPU.Build.0 = Debug|Any CPU
		{C0842D5A-06CD-4FC9-8978-EB7B5E9A5CF8}.Release|Any CPU.ActiveCfg = Release|Any CPU
		{C0842D5A-06CD-4FC9-8978-EB7B5E9A5CF8}.Release|Any CPU.Build.0 = Release|Any CPU
	EndGlobalSection
	GlobalSection(SolutionProperties) = preSolution
		HideSolutionNode = FALSE
	EndGlobalSection
	GlobalSection(ExtensibilityGlobals) = postSolution
		SolutionGuid = {66D564E4-D3B2-4CA5-8B94-1369323F32DC}
	EndGlobalSection
EndGlobal
